{
  "name": "rcon-cli",
  "version": "1.0.0",
  "lockfileVersion": 3,
  "requires": true,
  "packages": {
    "": {
      "name": "rcon-cli",
      "version": "1.0.0",
      "license": "ISC",
      "bin": {
        "rcon-cli": "index.js"
      },
      "engines": {
        "node": ">=14.0.0"
      }
    }
  }
}
